PODS:
  - agora_rtc_engine (3.3.2):
    - AgoraRtcEngine_iOS (= 3.3.1)
    - Flutter
  - AgoraRtcEngine_iOS (3.3.1)
  - barcode_scan (0.0.1):
    - Flutter
    - MTBBarcodeScanner
    - SwiftProtobuf
  - DKImagePickerController/Core (4.3.2):
    - DKImagePickerController/ImageDataManager
    - DKImagePickerController/Resource
  - DKImagePickerController/ImageDataManager (4.3.2)
  - DKImagePickerController/PhotoGallery (4.3.2):
    - DKImagePickerController/Core
    - DKPhotoGallery
  - DKImagePickerController/Resource (4.3.2)
  - DKPhotoGallery (0.0.17):
    - DKPhotoGallery/Core (= 0.0.17)
    - DKPhotoGallery/Model (= 0.0.17)
    - DKPhotoGallery/Preview (= 0.0.17)
    - DKPhotoGallery/Resource (= 0.0.17)
    - SDWebImage
    - SwiftyGif
  - DKPhotoGallery/Core (0.0.17):
    - DKPhotoGallery/Model
    - DKPhotoGallery/Preview
    - SDWebImage
    - SwiftyGif
  - DKPhotoGallery/Model (0.0.17):
    - SDWebImage
    - SwiftyGif
  - DKPhotoGallery/Preview (0.0.17):
    - DKPhotoGallery/Model
    - DKPhotoGallery/Resource
    - SDWebImage
    - SwiftyGif
  - DKPhotoGallery/Resource (0.0.17):
    - SDWebImage
    - SwiftyGif
  - file_picker (0.0.1):
    - DKImagePickerController/PhotoGallery
    - Flutter
  - Firebase/CoreOnly (7.3.0):
    - FirebaseCore (= 7.3.0)
  - Firebase/Messaging (7.3.0):
    - Firebase/CoreOnly
    - FirebaseMessaging (~> 7.3.0)
  - firebase_core (1.0.0):
    - Firebase/CoreOnly (= 7.3.0)
    - Flutter
  - firebase_messaging (9.0.0):
    - Firebase/Messaging (= 7.3.0)
    - firebase_core
    - Flutter
  - FirebaseCore (7.3.0):
    - FirebaseCoreDiagnostics (~> 7.0)
    - GoogleUtilities/Environment (~> 7.0)
    - GoogleUtilities/Logger (~> 7.0)
  - FirebaseCoreDiagnostics (7.11.0):
    - GoogleDataTransport (~> 8.4)
    - GoogleUtilities/Environment (~> 7.0)
    - GoogleUtilities/Logger (~> 7.0)
    - nanopb (~> 2.30908.0)
  - FirebaseInstallations (7.11.0):
    - FirebaseCore (~> 7.0)
    - GoogleUtilities/Environment (~> 7.0)
    - GoogleUtilities/UserDefaults (~> 7.0)
    - PromisesObjC (~> 1.2)
  - FirebaseInstanceID (7.11.0):
    - FirebaseCore (~> 7.0)
    - FirebaseInstallations (~> 7.0)
    - GoogleUtilities/Environment (~> 7.0)
    - GoogleUtilities/UserDefaults (~> 7.0)
  - FirebaseMessaging (7.3.0):
    - FirebaseCore (~> 7.0)
    - FirebaseInstanceID (~> 7.0)
    - GoogleUtilities/AppDelegateSwizzler (~> 7.0)
    - GoogleUtilities/Environment (~> 7.0)
    - GoogleUtilities/Reachability (~> 7.0)
    - GoogleUtilities/UserDefaults (~> 7.0)
  - Flutter (1.0.0)
  - fluttertoast (0.0.2):
    - Flutter
    - Toast
  - FMDB (2.7.5):
    - FMDB/standard (= 2.7.5)
  - FMDB/standard (2.7.5)
  - GoogleDataTransport (8.4.0):
    - GoogleUtilities/Environment (~> 7.2)
    - nanopb (~> 2.30908.0)
    - PromisesObjC (~> 1.2)
  - GoogleUtilities/AppDelegateSwizzler (7.4.1):
    - GoogleUtilities/Environment
    - GoogleUtilities/Logger
    - GoogleUtilities/Network
  - GoogleUtilities/Environment (7.4.1):
    - PromisesObjC (~> 1.2)
  - GoogleUtilities/Logger (7.4.1):
    - GoogleUtilities/Environment
  - GoogleUtilities/Network (7.4.1):
    - GoogleUtilities/Logger
    - "GoogleUtilities/NSData+zlib"
    - GoogleUtilities/Reachability
  - "GoogleUtilities/NSData+zlib (7.4.1)"
  - GoogleUtilities/Reachability (7.4.1):
    - GoogleUtilities/Logger
  - GoogleUtilities/UserDefaults (7.4.1):
    - GoogleUtilities/Logger
  - image_cropper (0.0.4):
    - Flutter
    - TOCropViewController (~> 2.6.0)
  - image_picker (0.0.1):
    - Flutter
  - MTBBarcodeScanner (5.0.11)
  - nanopb (2.30908.0):
    - nanopb/decode (= 2.30908.0)
    - nanopb/encode (= 2.30908.0)
  - nanopb/decode (2.30908.0)
  - nanopb/encode (2.30908.0)
  - open_file (0.0.1):
    - Flutter
  - path_provider (0.0.1):
    - Flutter
  - "permission_handler (5.1.0+2)":
    - Flutter
  - PromisesObjC (1.2.12)
  - SDWebImage (5.11.1):
    - SDWebImage/Core (= 5.11.1)
  - SDWebImage/Core (5.11.1)
  - share (0.0.1):
    - Flutter
  - shared_preferences (0.0.1):
    - Flutter
  - sqflite (0.0.2):
    - Flutter
    - FMDB (>= 2.7.5)
  - SwiftProtobuf (1.17.0)
  - SwiftyGif (5.4.0)
  - Toast (4.0.0)
  - TOCropViewController (2.6.0)
  - url_launcher (0.0.1):
    - Flutter

DEPENDENCIES:
  - agora_rtc_engine (from `.symlinks/plugins/agora_rtc_engine/ios`)
  - barcode_scan (from `.symlinks/plugins/barcode_scan/ios`)
  - file_picker (from `.symlinks/plugins/file_picker/ios`)
  - firebase_core (from `.symlinks/plugins/firebase_core/ios`)
  - firebase_messaging (from `.symlinks/plugins/firebase_messaging/ios`)
  - Flutter (from `Flutter`)
  - fluttertoast (from `.symlinks/plugins/fluttertoast/ios`)
  - image_cropper (from `.symlinks/plugins/image_cropper/ios`)
  - image_picker (from `.symlinks/plugins/image_picker/ios`)
  - open_file (from `.symlinks/plugins/open_file/ios`)
  - path_provider (from `.symlinks/plugins/path_provider/ios`)
  - permission_handler (from `.symlinks/plugins/permission_handler/ios`)
  - share (from `.symlinks/plugins/share/ios`)
  - shared_preferences (from `.symlinks/plugins/shared_preferences/ios`)
  - sqflite (from `.symlinks/plugins/sqflite/ios`)
  - url_launcher (from `.symlinks/plugins/url_launcher/ios`)

SPEC REPOS:
  trunk:
    - AgoraRtcEngine_iOS
    - DKImagePickerController
    - DKPhotoGallery
    - Firebase
    - FirebaseCore
    - FirebaseCoreDiagnostics
    - FirebaseInstallations
    - FirebaseInstanceID
    - FirebaseMessaging
    - FMDB
    - GoogleDataTransport
    - GoogleUtilities
    - MTBBarcodeScanner
    - nanopb
    - PromisesObjC
    - SDWebImage
    - SwiftProtobuf
    - SwiftyGif
    - Toast
    - TOCropViewController

EXTERNAL SOURCES:
  agora_rtc_engine:
    :path: ".symlinks/plugins/agora_rtc_engine/ios"
  barcode_scan:
    :path: ".symlinks/plugins/barcode_scan/ios"
  file_picker:
    :path: ".symlinks/plugins/file_picker/ios"
  firebase_core:
    :path: ".symlinks/plugins/firebase_core/ios"
  firebase_messaging:
    :path: ".symlinks/plugins/firebase_messaging/ios"
  Flutter:
    :path: Flutter
  fluttertoast:
    :path: ".symlinks/plugins/fluttertoast/ios"
  image_cropper:
    :path: ".symlinks/plugins/image_cropper/ios"
  image_picker:
    :path: ".symlinks/plugins/image_picker/ios"
  open_file:
    :path: ".symlinks/plugins/open_file/ios"
  path_provider:
    :path: ".symlinks/plugins/path_provider/ios"
  permission_handler:
    :path: ".symlinks/plugins/permission_handler/ios"
  share:
    :path: ".symlinks/plugins/share/ios"
  shared_preferences:
    :path: ".symlinks/plugins/shared_preferences/ios"
  sqflite:
    :path: ".symlinks/plugins/sqflite/ios"
  url_launcher:
    :path: ".symlinks/plugins/url_launcher/ios"

SPEC CHECKSUMS:
  agora_rtc_engine: c9c05dc6054a793d6dba94a615117d5f1dd41472
  AgoraRtcEngine_iOS: 17e55feec1bde14adc30fd9d743332d1e7821b62
  barcode_scan: a5c27959edfafaa0c771905bad0b29d6d39e4479
  DKImagePickerController: b5eb7f7a388e4643264105d648d01f727110fc3d
  DKPhotoGallery: fdfad5125a9fdda9cc57df834d49df790dbb4179
  file_picker: 3e6c3790de664ccf9b882732d9db5eaf6b8d4eb1
  Firebase: 26223c695fe322633274198cb19dca8cb7e54416
  firebase_core: f47224dd6a9b928b4cf0128b0d004ec9e47d4bf2
  firebase_messaging: fc1811236795c2313b8339c35d31295b1cd8486f
  FirebaseCore: 4d3c72622ce0e2106aaa07bb4b2935ba2c370972
  FirebaseCoreDiagnostics: 68ad972f99206cef818230f3f3179d52ccfb7f8c
  FirebaseInstallations: a58d4f72ec5861840b84df489f2668d970df558a
  FirebaseInstanceID: ad5135045a498d7775903efd39762d2cdfa1be27
  FirebaseMessaging: 68d1bcb14880189558a8ae57167abe0b7e417232
  Flutter: 434fef37c0980e73bb6479ef766c45957d4b510c
  fluttertoast: 6122fa75143e992b1d3470f61000f591a798cc58
  FMDB: 2ce00b547f966261cd18927a3ddb07cb6f3db82a
  GoogleDataTransport: cd9db2180fcecd8da1b561aea31e3e56cf834aa7
  GoogleUtilities: f8a43108b38a68eebe8b3540e1f4f2d28843ce20
  image_cropper: f1668dd8d2cad2d357955caad15a40547856edcb
  image_picker: 50e7c7ff960e5f58faa4d1f4af84a771c671bc4a
  MTBBarcodeScanner: f453b33c4b7dfe545d8c6484ed744d55671788cb
  nanopb: a0ba3315591a9ae0a16a309ee504766e90db0c96
  open_file: 02eb5cb6b21264bd3a696876f5afbfb7ca4f4b7d
  path_provider: abfe2b5c733d04e238b0d8691db0cfd63a27a93c
  permission_handler: ccb20a9fad0ee9b1314a52b70b76b473c5f8dab0
  PromisesObjC: 3113f7f76903778cf4a0586bd1ab89329a0b7b97
  SDWebImage: a7f831e1a65eb5e285e3fb046a23fcfbf08e696d
  share: 0b2c3e82132f5888bccca3351c504d0003b3b410
  shared_preferences: af6bfa751691cdc24be3045c43ec037377ada40d
  sqflite: 6d358c025f5b867b29ed92fc697fd34924e11904
  SwiftProtobuf: 9c85136c6ba74b0a1b84279dbf0f6db8efb714e0
  SwiftyGif: 5d4af95df24caf1c570dbbcb32a3b8a0763bc6d7
  Toast: 91b396c56ee72a5790816f40d3a94dd357abc196
  TOCropViewController: 3105367e808b7d3d886a74ff59bf4804e7d3ab38
  url_launcher: 6fef411d543ceb26efce54b05a0a40bfd74cbbef

PODFILE CHECKSUM: fe0e1ee7f3d1f7d00b11b474b62dd62134535aea

COCOAPODS: 1.10.1
